{
    "version": 3,
    "terraform_version": "0.11.10",
    "serial": 25,
    "lineage": "2a1ff7cc-74e1-05ed-890c-f77dca1a37c1",
    "modules": [
        {
            "path": [
                "root"
            ],
            "outputs": {
                "coherence1_private_ip": {
                    "sensitive": false,
                    "type": "list",
                    "value": [
                        "10.0.2.3"
                    ]
                },
                "coherence2_private_ip": {
                    "sensitive": false,
                    "type": "list",
                    "value": [
                        "10.0.2.4"
                    ]
                },
                "loadbalancer_public_ip": {
                    "sensitive": false,
                    "type": "list",
                    "value": [
                        "129.146.199.30"
                    ]
                },
                "web1_public_ip": {
                    "sensitive": false,
                    "type": "list",
                    "value": [
                        "129.146.182.40"
                    ]
                },
                "web2_public_ip": {
                    "sensitive": false,
                    "type": "list",
                    "value": [
                        "129.146.201.244"
                    ]
                }
            },
            "resources": {
                "data.oci_core_services.test_services": {
                    "type": "oci_core_services",
                    "depends_on": [],
                    "primary": {
                        "id": "2019-05-03 04:20:16.301213 +0000 UTC",
                        "attributes": {
                            "filter.#": "1",
                            "filter.3846881054.name": "name",
                            "filter.3846881054.regex": "true",
                            "filter.3846881054.values.#": "1",
                            "filter.3846881054.values.0": "OCI .* Object Storage",
                            "id": "2019-05-03 04:20:16.301213 +0000 UTC",
                            "services.#": "1",
                            "services.0.cidr_block": "oci-phx-objectstorage",
                            "services.0.description": "OCI PHX Object Storage",
                            "services.0.id": "ocid1.service.oc1.phx.aaaaaaaazp7dkucj2vrojgsu54cjgdqu4bn7gyn6zoi2ds6qa5hrrjggzbdq",
                            "services.0.name": "OCI PHX Object Storage"
                        },
                        "meta": {},
                        "tainted": false
                    },
                    "deposed": [],
                    "provider": "provider.oci"
                },
                "data.oci_identity_availability_domain.ad1": {
                    "type": "oci_identity_availability_domain",
                    "depends_on": [],
                    "primary": {
                        "id": "ocid1.availabilitydomain.oc1..aaaaaaaac7uydq54rcymamzauv5pd23qk2g2vqlrfu5jd3y6i6qxpvvzkf7a",
                        "attributes": {
                            "ad_number": "1",
                            "compartment_id": "ocid1.tenancy.oc1..aaaaaaaa6ma7kq3bsif76uzqidv22cajs3fpesgpqmmsgxihlbcemkklrsqa",
                            "id": "ocid1.availabilitydomain.oc1..aaaaaaaac7uydq54rcymamzauv5pd23qk2g2vqlrfu5jd3y6i6qxpvvzkf7a",
                            "name": "fttO:PHX-AD-1"
                        },
                        "meta": {},
                        "tainted": false
                    },
                    "deposed": [],
                    "provider": "provider.oci"
                },
                "data.oci_identity_availability_domain.ad2": {
                    "type": "oci_identity_availability_domain",
                    "depends_on": [],
                    "primary": {
                        "id": "ocid1.availabilitydomain.oc1..aaaaaaaakemzo4ywaynz573sk4jpvwuqi7vmcuxajxfv4jjj2pthez3j2hbq",
                        "attributes": {
                            "ad_number": "2",
                            "compartment_id": "ocid1.tenancy.oc1..aaaaaaaa6ma7kq3bsif76uzqidv22cajs3fpesgpqmmsgxihlbcemkklrsqa",
                            "id": "ocid1.availabilitydomain.oc1..aaaaaaaakemzo4ywaynz573sk4jpvwuqi7vmcuxajxfv4jjj2pthez3j2hbq",
                            "name": "fttO:PHX-AD-2"
                        },
                        "meta": {},
                        "tainted": false
                    },
                    "deposed": [],
                    "provider": "provider.oci"
                },
                "data.oci_objectstorage_namespace.ns": {
                    "type": "oci_objectstorage_namespace",
                    "depends_on": [],
                    "primary": {
                        "id": "2019-05-03 04:20:16.187151 +0000 UTC",
                        "attributes": {
                            "id": "2019-05-03 04:20:16.187151 +0000 UTC",
                            "namespace": "apackrsct01"
                        },
                        "meta": {},
                        "tainted": false
                    },
                    "deposed": [],
                    "provider": "provider.oci"
                },
                "oci_core_default_dhcp_options.default-dhcp-options": {
                    "type": "oci_core_default_dhcp_options",
                    "depends_on": [
                        "oci_core_virtual_network.vcn1"
                    ],
                    "primary": {
                        "id": "ocid1.dhcpoptions.oc1.phx.aaaaaaaa4xcwgsi55wvp4nyqfeqexh7rsz3xckadwhukcd3tbvfcwz6ijq7q",
                        "attributes": {
                            "defined_tags.%": "1",
                            "defined_tags.KRSET02.MC": "mee-nam.lee@oracle.com",
                            "display_name": "default-dhcp-options",
                            "freeform_tags.%": "0",
                            "id": "ocid1.dhcpoptions.oc1.phx.aaaaaaaa4xcwgsi55wvp4nyqfeqexh7rsz3xckadwhukcd3tbvfcwz6ijq7q",
                            "manage_default_resource_id": "ocid1.dhcpoptions.oc1.phx.aaaaaaaa4xcwgsi55wvp4nyqfeqexh7rsz3xckadwhukcd3tbvfcwz6ijq7q",
                            "options.#": "1",
                            "options.0.custom_dns_servers.#": "0",
                            "options.0.search_domain_names.#": "0",
                            "options.0.server_type": "VcnLocalPlusInternet",
                            "options.0.type": "DomainNameServer",
                            "state": "AVAILABLE",
                            "time_created": "2019-05-02 04:26:57.639 +0000 UTC"
                        },
                        "meta": {
                            "e2bfb730-ecaa-11e6-8f88-34363bc7c4c0": {
                                "create": 900000000000,
                                "delete": 900000000000,
                                "update": 900000000000
                            }
                        },
                        "tainted": false
                    },
                    "deposed": [],
                    "provider": "provider.oci"
                },
                "oci_core_instance.coherence1": {
                    "type": "oci_core_instance",
                    "depends_on": [
                        "data.oci_identity_availability_domain.ad1",
                        "oci_core_subnet.subnet2"
                    ],
                    "primary": {
                        "id": "ocid1.instance.oc1.phx.abyhqljrjxtw6um5umukluo7vgexu7coeaedoq2owa734kdt5qae2glyacca",
                        "attributes": {
                            "agent_config.#": "1",
                            "agent_config.0.is_monitoring_disabled": "false",
                            "availability_domain": "fttO:PHX-AD-1",
                            "boot_volume_id": "ocid1.bootvolume.oc1.phx.abyhqljrcpvpl4qzshxqi5rt6ewnnu3oydaf2pdnmbzbigethga2a2v3fcfq",
                            "compartment_id": "ocid1.compartment.oc1..aaaaaaaafhnpsjvntzgj3igqmxu4i5sd7mg42j3o3nfjvkehdukncp6f243q",
                            "create_vnic_details.#": "1",
                            "create_vnic_details.0.assign_public_ip": "false",
                            "create_vnic_details.0.defined_tags.%": "1",
                            "create_vnic_details.0.defined_tags.KRSET02.MC": "mee-nam.lee@oracle.com",
                            "create_vnic_details.0.display_name": "primaryvnic",
                            "create_vnic_details.0.freeform_tags.%": "0",
                            "create_vnic_details.0.hostname_label": "coherence1",
                            "create_vnic_details.0.private_ip": "10.0.2.3",
                            "create_vnic_details.0.skip_source_dest_check": "false",
                            "create_vnic_details.0.subnet_id": "ocid1.subnet.oc1.phx.aaaaaaaacrruvmnyt2ipkkslqyvsrvhthpsytajksyq7dndgv2lkb6gymsaq",
                            "defined_tags.%": "1",
                            "defined_tags.KRSET02.MC": "mee-nam.lee@oracle.com",
                            "display_name": "coherence1",
                            "fault_domain": "FAULT-DOMAIN-2",
                            "freeform_tags.%": "0",
                            "hostname_label": "coherence1",
                            "id": "ocid1.instance.oc1.phx.abyhqljrjxtw6um5umukluo7vgexu7coeaedoq2owa734kdt5qae2glyacca",
                            "image": "ocid1.image.oc1.phx.aaaaaaaacp2wktef46wf255fh3lu3df6rea52dd2zjcqz34wmoj7tigbxeka",
                            "launch_mode": "NATIVE",
                            "launch_options.#": "1",
                            "launch_options.0.boot_volume_type": "PARAVIRTUALIZED",
                            "launch_options.0.firmware": "UEFI_64",
                            "launch_options.0.is_consistent_volume_naming_enabled": "true",
                            "launch_options.0.is_pv_encryption_in_transit_enabled": "true",
                            "launch_options.0.network_type": "VFIO",
                            "launch_options.0.remote_data_volume_type": "PARAVIRTUALIZED",
                            "metadata.%": "1",
                            "metadata.ssh_authorized_keys": "ssh-rsa AAAAB3NzaC1yc2EAAAADAQABAAABAQClXpzKgqjt+JF7PzV4D7P6Waa6oq1Ratfg+WOlTtmsFi2yRjYxQX+E5OnKvL730PwYMF0feFMnPZHRh2qi2EOGCprrlmbYo+Igo0KPM8sMZu46jDirEc9MV1omOfXHIhaN9/GvD7ReuHkM9D0DSYxTPnfKtYfNq2Tqx7noDGJ5HSq+nTjV3rfdwCmpNCrBQ8wilol7dgljDZiI3gae2YAD9BKRf26gVtLiKzY/Q2w6Ty7FsPd6GBRb2e0WSafMDLUp6z3b6sDBZaKr9SEdtGCSrqAyCNoORdVtGFYGh9eci7E4H/vyrOi5kg6X0AiR2mUfDRaam6U8DD1BN/5Z2eIj",
                            "private_ip": "10.0.2.3",
                            "public_ip": "",
                            "region": "phx",
                            "shape": "VM.Standard2.1",
                            "source_details.#": "1",
                            "source_details.0.boot_volume_size_in_gbs": "47",
                            "source_details.0.kms_key_id": "",
                            "source_details.0.source_id": "ocid1.image.oc1.phx.aaaaaaaacp2wktef46wf255fh3lu3df6rea52dd2zjcqz34wmoj7tigbxeka",
                            "source_details.0.source_type": "image",
                            "state": "RUNNING",
                            "subnet_id": "ocid1.subnet.oc1.phx.aaaaaaaacrruvmnyt2ipkkslqyvsrvhthpsytajksyq7dndgv2lkb6gymsaq",
                            "time_created": "2019-05-03 02:16:20.057 +0000 UTC",
                            "time_maintenance_reboot_due": ""
                        },
                        "meta": {
                            "e2bfb730-ecaa-11e6-8f88-34363bc7c4c0": {
                                "create": 7200000000000,
                                "delete": 7200000000000,
                                "update": 7200000000000
                            }
                        },
                        "tainted": false
                    },
                    "deposed": [],
                    "provider": "provider.oci"
                },
                "oci_core_instance.coherence2": {
                    "type": "oci_core_instance",
                    "depends_on": [
                        "data.oci_identity_availability_domain.ad2",
                        "oci_core_subnet.subnet2"
                    ],
                    "primary": {
                        "id": "ocid1.instance.oc1.phx.abyhqljsu3jt7k4qwqcewful5megwkdxuky2lkbph2a3zmeoqq52ft5qonna",
                        "attributes": {
                            "agent_config.#": "1",
                            "agent_config.0.is_monitoring_disabled": "false",
                            "availability_domain": "fttO:PHX-AD-2",
                            "boot_volume_id": "ocid1.bootvolume.oc1.phx.abyhqljsigzrlj6juvo3ahypevj7tkxrherec6pj6u73sffykkybxkd5qwma",
                            "compartment_id": "ocid1.compartment.oc1..aaaaaaaafhnpsjvntzgj3igqmxu4i5sd7mg42j3o3nfjvkehdukncp6f243q",
                            "create_vnic_details.#": "1",
                            "create_vnic_details.0.assign_public_ip": "false",
                            "create_vnic_details.0.defined_tags.%": "1",
                            "create_vnic_details.0.defined_tags.KRSET02.MC": "mee-nam.lee@oracle.com",
                            "create_vnic_details.0.display_name": "primaryvnic",
                            "create_vnic_details.0.freeform_tags.%": "0",
                            "create_vnic_details.0.hostname_label": "coherence2",
                            "create_vnic_details.0.private_ip": "10.0.2.4",
                            "create_vnic_details.0.skip_source_dest_check": "false",
                            "create_vnic_details.0.subnet_id": "ocid1.subnet.oc1.phx.aaaaaaaacrruvmnyt2ipkkslqyvsrvhthpsytajksyq7dndgv2lkb6gymsaq",
                            "defined_tags.%": "1",
                            "defined_tags.KRSET02.MC": "mee-nam.lee@oracle.com",
                            "display_name": "coherence2",
                            "fault_domain": "FAULT-DOMAIN-1",
                            "freeform_tags.%": "0",
                            "hostname_label": "coherence2",
                            "id": "ocid1.instance.oc1.phx.abyhqljsu3jt7k4qwqcewful5megwkdxuky2lkbph2a3zmeoqq52ft5qonna",
                            "image": "ocid1.image.oc1.phx.aaaaaaaacp2wktef46wf255fh3lu3df6rea52dd2zjcqz34wmoj7tigbxeka",
                            "launch_mode": "NATIVE",
                            "launch_options.#": "1",
                            "launch_options.0.boot_volume_type": "PARAVIRTUALIZED",
                            "launch_options.0.firmware": "UEFI_64",
                            "launch_options.0.is_consistent_volume_naming_enabled": "true",
                            "launch_options.0.is_pv_encryption_in_transit_enabled": "true",
                            "launch_options.0.network_type": "VFIO",
                            "launch_options.0.remote_data_volume_type": "PARAVIRTUALIZED",
                            "metadata.%": "1",
                            "metadata.ssh_authorized_keys": "ssh-rsa AAAAB3NzaC1yc2EAAAADAQABAAABAQClXpzKgqjt+JF7PzV4D7P6Waa6oq1Ratfg+WOlTtmsFi2yRjYxQX+E5OnKvL730PwYMF0feFMnPZHRh2qi2EOGCprrlmbYo+Igo0KPM8sMZu46jDirEc9MV1omOfXHIhaN9/GvD7ReuHkM9D0DSYxTPnfKtYfNq2Tqx7noDGJ5HSq+nTjV3rfdwCmpNCrBQ8wilol7dgljDZiI3gae2YAD9BKRf26gVtLiKzY/Q2w6Ty7FsPd6GBRb2e0WSafMDLUp6z3b6sDBZaKr9SEdtGCSrqAyCNoORdVtGFYGh9eci7E4H/vyrOi5kg6X0AiR2mUfDRaam6U8DD1BN/5Z2eIj",
                            "private_ip": "10.0.2.4",
                            "public_ip": "",
                            "region": "phx",
                            "shape": "VM.Standard2.1",
                            "source_details.#": "1",
                            "source_details.0.boot_volume_size_in_gbs": "47",
                            "source_details.0.kms_key_id": "",
                            "source_details.0.source_id": "ocid1.image.oc1.phx.aaaaaaaacp2wktef46wf255fh3lu3df6rea52dd2zjcqz34wmoj7tigbxeka",
                            "source_details.0.source_type": "image",
                            "state": "RUNNING",
                            "subnet_id": "ocid1.subnet.oc1.phx.aaaaaaaacrruvmnyt2ipkkslqyvsrvhthpsytajksyq7dndgv2lkb6gymsaq",
                            "time_created": "2019-05-03 02:16:20.224 +0000 UTC",
                            "time_maintenance_reboot_due": ""
                        },
                        "meta": {
                            "e2bfb730-ecaa-11e6-8f88-34363bc7c4c0": {
                                "create": 7200000000000,
                                "delete": 7200000000000,
                                "update": 7200000000000
                            }
                        },
                        "tainted": false
                    },
                    "deposed": [],
                    "provider": "provider.oci"
                },
                "oci_core_instance.web1": {
                    "type": "oci_core_instance",
                    "depends_on": [
                        "data.oci_identity_availability_domain.ad1",
                        "oci_core_subnet.subnet1"
                    ],
                    "primary": {
                        "id": "ocid1.instance.oc1.phx.abyhqljrotlptt62lcrfepalmrda64bb7unr2ypvc4ojvae6yzmi7pvxyn2q",
                        "attributes": {
                            "agent_config.#": "1",
                            "agent_config.0.is_monitoring_disabled": "false",
                            "availability_domain": "fttO:PHX-AD-1",
                            "boot_volume_id": "ocid1.bootvolume.oc1.phx.abyhqljropiai3cpnfwerieb3s7ssgheqa5ij2y3rpty62wmg4o5eqowmekq",
                            "compartment_id": "ocid1.compartment.oc1..aaaaaaaafhnpsjvntzgj3igqmxu4i5sd7mg42j3o3nfjvkehdukncp6f243q",
                            "create_vnic_details.#": "1",
                            "create_vnic_details.0.assign_public_ip": "true",
                            "create_vnic_details.0.defined_tags.%": "1",
                            "create_vnic_details.0.defined_tags.KRSET02.MC": "mee-nam.lee@oracle.com",
                            "create_vnic_details.0.display_name": "primaryvnic",
                            "create_vnic_details.0.freeform_tags.%": "0",
                            "create_vnic_details.0.hostname_label": "web1",
                            "create_vnic_details.0.private_ip": "10.0.1.4",
                            "create_vnic_details.0.skip_source_dest_check": "false",
                            "create_vnic_details.0.subnet_id": "ocid1.subnet.oc1.phx.aaaaaaaak5lzidxzpt37xe2ifmdviootoimnv4ovs4tnb4pwht5tz5rxucka",
                            "defined_tags.%": "1",
                            "defined_tags.KRSET02.MC": "mee-nam.lee@oracle.com",
                            "display_name": "web1",
                            "fault_domain": "FAULT-DOMAIN-3",
                            "freeform_tags.%": "0",
                            "hostname_label": "web1",
                            "id": "ocid1.instance.oc1.phx.abyhqljrotlptt62lcrfepalmrda64bb7unr2ypvc4ojvae6yzmi7pvxyn2q",
                            "image": "ocid1.image.oc1.phx.aaaaaaaa5bxabwjdny6dpaf2xr63rvxoofxslzkahjnfqlcpodfl5oobualq",
                            "launch_mode": "NATIVE",
                            "launch_options.#": "1",
                            "launch_options.0.boot_volume_type": "PARAVIRTUALIZED",
                            "launch_options.0.firmware": "UEFI_64",
                            "launch_options.0.is_consistent_volume_naming_enabled": "true",
                            "launch_options.0.is_pv_encryption_in_transit_enabled": "true",
                            "launch_options.0.network_type": "VFIO",
                            "launch_options.0.remote_data_volume_type": "PARAVIRTUALIZED",
                            "metadata.%": "1",
                            "metadata.ssh_authorized_keys": "ssh-rsa AAAAB3NzaC1yc2EAAAADAQABAAABAQClXpzKgqjt+JF7PzV4D7P6Waa6oq1Ratfg+WOlTtmsFi2yRjYxQX+E5OnKvL730PwYMF0feFMnPZHRh2qi2EOGCprrlmbYo+Igo0KPM8sMZu46jDirEc9MV1omOfXHIhaN9/GvD7ReuHkM9D0DSYxTPnfKtYfNq2Tqx7noDGJ5HSq+nTjV3rfdwCmpNCrBQ8wilol7dgljDZiI3gae2YAD9BKRf26gVtLiKzY/Q2w6Ty7FsPd6GBRb2e0WSafMDLUp6z3b6sDBZaKr9SEdtGCSrqAyCNoORdVtGFYGh9eci7E4H/vyrOi5kg6X0AiR2mUfDRaam6U8DD1BN/5Z2eIj",
                            "private_ip": "10.0.1.4",
                            "public_ip": "129.146.182.40",
                            "region": "phx",
                            "shape": "VM.Standard2.1",
                            "source_details.#": "1",
                            "source_details.0.boot_volume_size_in_gbs": "47",
                            "source_details.0.kms_key_id": "",
                            "source_details.0.source_id": "ocid1.image.oc1.phx.aaaaaaaa5bxabwjdny6dpaf2xr63rvxoofxslzkahjnfqlcpodfl5oobualq",
                            "source_details.0.source_type": "image",
                            "state": "RUNNING",
                            "subnet_id": "ocid1.subnet.oc1.phx.aaaaaaaak5lzidxzpt37xe2ifmdviootoimnv4ovs4tnb4pwht5tz5rxucka",
                            "time_created": "2019-05-03 02:03:55.672 +0000 UTC",
                            "time_maintenance_reboot_due": ""
                        },
                        "meta": {
                            "e2bfb730-ecaa-11e6-8f88-34363bc7c4c0": {
                                "create": 7200000000000,
                                "delete": 7200000000000,
                                "update": 7200000000000
                            }
                        },
                        "tainted": false
                    },
                    "deposed": [],
                    "provider": "provider.oci"
                },
                "oci_core_instance.web2": {
                    "type": "oci_core_instance",
                    "depends_on": [
                        "data.oci_identity_availability_domain.ad2",
                        "oci_core_subnet.subnet1"
                    ],
                    "primary": {
                        "id": "ocid1.instance.oc1.phx.abyhqljsu5shekckfi3k43fipvzqm26r65ok23kgtpcfuczejt4f6tw3zvkq",
                        "attributes": {
                            "agent_config.#": "1",
                            "agent_config.0.is_monitoring_disabled": "false",
                            "availability_domain": "fttO:PHX-AD-2",
                            "boot_volume_id": "ocid1.bootvolume.oc1.phx.abyhqljsmyqiucn5yc4fp7eqczrpct22hgtkokxk3qsj77iiz4o5uw7dicbq",
                            "compartment_id": "ocid1.compartment.oc1..aaaaaaaafhnpsjvntzgj3igqmxu4i5sd7mg42j3o3nfjvkehdukncp6f243q",
                            "create_vnic_details.#": "1",
                            "create_vnic_details.0.assign_public_ip": "true",
                            "create_vnic_details.0.defined_tags.%": "1",
                            "create_vnic_details.0.defined_tags.KRSET02.MC": "mee-nam.lee@oracle.com",
                            "create_vnic_details.0.display_name": "primaryvnic",
                            "create_vnic_details.0.freeform_tags.%": "0",
                            "create_vnic_details.0.hostname_label": "web2",
                            "create_vnic_details.0.private_ip": "10.0.1.5",
                            "create_vnic_details.0.skip_source_dest_check": "false",
                            "create_vnic_details.0.subnet_id": "ocid1.subnet.oc1.phx.aaaaaaaak5lzidxzpt37xe2ifmdviootoimnv4ovs4tnb4pwht5tz5rxucka",
                            "defined_tags.%": "1",
                            "defined_tags.KRSET02.MC": "mee-nam.lee@oracle.com",
                            "display_name": "web2",
                            "fault_domain": "FAULT-DOMAIN-3",
                            "freeform_tags.%": "0",
                            "hostname_label": "web2",
                            "id": "ocid1.instance.oc1.phx.abyhqljsu5shekckfi3k43fipvzqm26r65ok23kgtpcfuczejt4f6tw3zvkq",
                            "image": "ocid1.image.oc1.phx.aaaaaaaa5bxabwjdny6dpaf2xr63rvxoofxslzkahjnfqlcpodfl5oobualq",
                            "launch_mode": "NATIVE",
                            "launch_options.#": "1",
                            "launch_options.0.boot_volume_type": "PARAVIRTUALIZED",
                            "launch_options.0.firmware": "UEFI_64",
                            "launch_options.0.is_consistent_volume_naming_enabled": "true",
                            "launch_options.0.is_pv_encryption_in_transit_enabled": "true",
                            "launch_options.0.network_type": "VFIO",
                            "launch_options.0.remote_data_volume_type": "PARAVIRTUALIZED",
                            "metadata.%": "1",
                            "metadata.ssh_authorized_keys": "ssh-rsa AAAAB3NzaC1yc2EAAAADAQABAAABAQClXpzKgqjt+JF7PzV4D7P6Waa6oq1Ratfg+WOlTtmsFi2yRjYxQX+E5OnKvL730PwYMF0feFMnPZHRh2qi2EOGCprrlmbYo+Igo0KPM8sMZu46jDirEc9MV1omOfXHIhaN9/GvD7ReuHkM9D0DSYxTPnfKtYfNq2Tqx7noDGJ5HSq+nTjV3rfdwCmpNCrBQ8wilol7dgljDZiI3gae2YAD9BKRf26gVtLiKzY/Q2w6Ty7FsPd6GBRb2e0WSafMDLUp6z3b6sDBZaKr9SEdtGCSrqAyCNoORdVtGFYGh9eci7E4H/vyrOi5kg6X0AiR2mUfDRaam6U8DD1BN/5Z2eIj",
                            "private_ip": "10.0.1.5",
                            "public_ip": "129.146.201.244",
                            "region": "phx",
                            "shape": "VM.Standard2.1",
                            "source_details.#": "1",
                            "source_details.0.boot_volume_size_in_gbs": "47",
                            "source_details.0.kms_key_id": "",
                            "source_details.0.source_id": "ocid1.image.oc1.phx.aaaaaaaa5bxabwjdny6dpaf2xr63rvxoofxslzkahjnfqlcpodfl5oobualq",
                            "source_details.0.source_type": "image",
                            "state": "RUNNING",
                            "subnet_id": "ocid1.subnet.oc1.phx.aaaaaaaak5lzidxzpt37xe2ifmdviootoimnv4ovs4tnb4pwht5tz5rxucka",
                            "time_created": "2019-05-03 03:50:37.135 +0000 UTC",
                            "time_maintenance_reboot_due": ""
                        },
                        "meta": {
                            "e2bfb730-ecaa-11e6-8f88-34363bc7c4c0": {
                                "create": 7200000000000,
                                "delete": 7200000000000,
                                "update": 7200000000000
                            }
                        },
                        "tainted": false
                    },
                    "deposed": [],
                    "provider": "provider.oci"
                },
                "oci_core_internet_gateway.ig1": {
                    "type": "oci_core_internet_gateway",
                    "depends_on": [
                        "oci_core_virtual_network.vcn1"
                    ],
                    "primary": {
                        "id": "ocid1.internetgateway.oc1.phx.aaaaaaaasta5qubsda3gxbldugn3rho6xa6i33kx6fhjbg7agdmxt6yxr5aq",
                        "attributes": {
                            "compartment_id": "ocid1.compartment.oc1..aaaaaaaafhnpsjvntzgj3igqmxu4i5sd7mg42j3o3nfjvkehdukncp6f243q",
                            "defined_tags.%": "1",
                            "defined_tags.KRSET02.MC": "mee-nam.lee@oracle.com",
                            "display_name": "InternetGateway",
                            "enabled": "true",
                            "freeform_tags.%": "0",
                            "id": "ocid1.internetgateway.oc1.phx.aaaaaaaasta5qubsda3gxbldugn3rho6xa6i33kx6fhjbg7agdmxt6yxr5aq",
                            "state": "AVAILABLE",
                            "time_created": "2019-05-02 04:26:58.301 +0000 UTC",
                            "vcn_id": "ocid1.vcn.oc1.phx.aaaaaaaaiqz36fieyvi2h4fd46yb3zwk7ndj22chyrfx5fkfnjan4a5rlloq"
                        },
                        "meta": {
                            "e2bfb730-ecaa-11e6-8f88-34363bc7c4c0": {
                                "create": 900000000000,
                                "delete": 900000000000,
                                "update": 900000000000
                            }
                        },
                        "tainted": false
                    },
                    "deposed": [],
                    "provider": "provider.oci"
                },
                "oci_core_route_table.rt1": {
                    "type": "oci_core_route_table",
                    "depends_on": [
                        "oci_core_internet_gateway.ig1",
                        "oci_core_virtual_network.vcn1"
                    ],
                    "primary": {
                        "id": "ocid1.routetable.oc1.phx.aaaaaaaato6yscmohmyciyvjcqbqswgv5yhxo7y6zhs6ijjqfbndby5umaya",
                        "attributes": {
                            "compartment_id": "ocid1.compartment.oc1..aaaaaaaafhnpsjvntzgj3igqmxu4i5sd7mg42j3o3nfjvkehdukncp6f243q",
                            "defined_tags.%": "1",
                            "defined_tags.KRSET02.MC": "mee-nam.lee@oracle.com",
                            "display_name": "PublicRT",
                            "freeform_tags.%": "0",
                            "id": "ocid1.routetable.oc1.phx.aaaaaaaato6yscmohmyciyvjcqbqswgv5yhxo7y6zhs6ijjqfbndby5umaya",
                            "route_rules.#": "1",
                            "route_rules.2052387174.cidr_block": "0.0.0.0/0",
                            "route_rules.2052387174.destination": "0.0.0.0/0",
                            "route_rules.2052387174.destination_type": "CIDR_BLOCK",
                            "route_rules.2052387174.network_entity_id": "ocid1.internetgateway.oc1.phx.aaaaaaaasta5qubsda3gxbldugn3rho6xa6i33kx6fhjbg7agdmxt6yxr5aq",
                            "state": "AVAILABLE",
                            "time_created": "2019-05-02 05:12:07.039 +0000 UTC",
                            "vcn_id": "ocid1.vcn.oc1.phx.aaaaaaaaiqz36fieyvi2h4fd46yb3zwk7ndj22chyrfx5fkfnjan4a5rlloq"
                        },
                        "meta": {
                            "e2bfb730-ecaa-11e6-8f88-34363bc7c4c0": {
                                "create": 900000000000,
                                "delete": 900000000000,
                                "update": 900000000000
                            }
                        },
                        "tainted": false
                    },
                    "deposed": [],
                    "provider": "provider.oci"
                },
                "oci_core_route_table.rt2": {
                    "type": "oci_core_route_table",
                    "depends_on": [
                        "data.oci_core_services.test_services",
                        "oci_core_service_gateway.sg1",
                        "oci_core_virtual_network.vcn1"
                    ],
                    "primary": {
                        "id": "ocid1.routetable.oc1.phx.aaaaaaaam6zbq2s6dsf3y3e2iru47kd5tgenyw67cvmro5ludie7nstbhkdq",
                        "attributes": {
                            "compartment_id": "ocid1.compartment.oc1..aaaaaaaafhnpsjvntzgj3igqmxu4i5sd7mg42j3o3nfjvkehdukncp6f243q",
                            "defined_tags.%": "1",
                            "defined_tags.KRSET02.MC": "mee-nam.lee@oracle.com",
                            "display_name": "PrivateRT",
                            "freeform_tags.%": "0",
                            "id": "ocid1.routetable.oc1.phx.aaaaaaaam6zbq2s6dsf3y3e2iru47kd5tgenyw67cvmro5ludie7nstbhkdq",
                            "route_rules.#": "1",
                            "route_rules.1857843596.cidr_block": "",
                            "route_rules.1857843596.destination": "oci-phx-objectstorage",
                            "route_rules.1857843596.destination_type": "SERVICE_CIDR_BLOCK",
                            "route_rules.1857843596.network_entity_id": "ocid1.servicegateway.oc1.phx.aaaaaaaa2n5vph7df4zujeveqoy4hjvladn4t67kfmm4qb457vxhqmzqofta",
                            "state": "AVAILABLE",
                            "time_created": "2019-05-02 05:12:06.688 +0000 UTC",
                            "vcn_id": "ocid1.vcn.oc1.phx.aaaaaaaaiqz36fieyvi2h4fd46yb3zwk7ndj22chyrfx5fkfnjan4a5rlloq"
                        },
                        "meta": {
                            "e2bfb730-ecaa-11e6-8f88-34363bc7c4c0": {
                                "create": 900000000000,
                                "delete": 900000000000,
                                "update": 900000000000
                            }
                        },
                        "tainted": false
                    },
                    "deposed": [],
                    "provider": "provider.oci"
                },
                "oci_core_security_list.seculist1": {
                    "type": "oci_core_security_list",
                    "depends_on": [
                        "oci_core_virtual_network.vcn1"
                    ],
                    "primary": {
                        "id": "ocid1.securitylist.oc1.phx.aaaaaaaalut7tkb62jwryml3saj3vnt2yum6sifaks4twj7y42worx7jie5a",
                        "attributes": {
                            "compartment_id": "ocid1.compartment.oc1..aaaaaaaafhnpsjvntzgj3igqmxu4i5sd7mg42j3o3nfjvkehdukncp6f243q",
                            "defined_tags.%": "1",
                            "defined_tags.KRSET02.MC": "mee-nam.lee@oracle.com",
                            "display_name": "PublicSL",
                            "egress_security_rules.#": "1",
                            "egress_security_rules.1582479153.destination": "0.0.0.0/0",
                            "egress_security_rules.1582479153.destination_type": "CIDR_BLOCK",
                            "egress_security_rules.1582479153.icmp_options.#": "0",
                            "egress_security_rules.1582479153.protocol": "all",
                            "egress_security_rules.1582479153.stateless": "false",
                            "egress_security_rules.1582479153.tcp_options.#": "0",
                            "egress_security_rules.1582479153.udp_options.#": "0",
                            "freeform_tags.%": "0",
                            "id": "ocid1.securitylist.oc1.phx.aaaaaaaalut7tkb62jwryml3saj3vnt2yum6sifaks4twj7y42worx7jie5a",
                            "ingress_security_rules.#": "4",
                            "ingress_security_rules.295853994.icmp_options.#": "0",
                            "ingress_security_rules.295853994.protocol": "1",
                            "ingress_security_rules.295853994.source": "0.0.0.0/0",
                            "ingress_security_rules.295853994.source_type": "CIDR_BLOCK",
                            "ingress_security_rules.295853994.stateless": "false",
                            "ingress_security_rules.295853994.tcp_options.#": "0",
                            "ingress_security_rules.295853994.udp_options.#": "0",
                            "ingress_security_rules.3057867092.icmp_options.#": "0",
                            "ingress_security_rules.3057867092.protocol": "6",
                            "ingress_security_rules.3057867092.source": "10.0.0.0/16",
                            "ingress_security_rules.3057867092.source_type": "CIDR_BLOCK",
                            "ingress_security_rules.3057867092.stateless": "false",
                            "ingress_security_rules.3057867092.tcp_options.#": "0",
                            "ingress_security_rules.3057867092.udp_options.#": "0",
                            "ingress_security_rules.3861548008.icmp_options.#": "0",
                            "ingress_security_rules.3861548008.protocol": "6",
                            "ingress_security_rules.3861548008.source": "0.0.0.0/0",
                            "ingress_security_rules.3861548008.source_type": "CIDR_BLOCK",
                            "ingress_security_rules.3861548008.stateless": "false",
                            "ingress_security_rules.3861548008.tcp_options.#": "1",
                            "ingress_security_rules.3861548008.tcp_options.0.max": "80",
                            "ingress_security_rules.3861548008.tcp_options.0.min": "80",
                            "ingress_security_rules.3861548008.tcp_options.0.source_port_range.#": "0",
                            "ingress_security_rules.3861548008.udp_options.#": "0",
                            "ingress_security_rules.47193274.icmp_options.#": "0",
                            "ingress_security_rules.47193274.protocol": "6",
                            "ingress_security_rules.47193274.source": "0.0.0.0/0",
                            "ingress_security_rules.47193274.source_type": "CIDR_BLOCK",
                            "ingress_security_rules.47193274.stateless": "false",
                            "ingress_security_rules.47193274.tcp_options.#": "1",
                            "ingress_security_rules.47193274.tcp_options.0.max": "22",
                            "ingress_security_rules.47193274.tcp_options.0.min": "22",
                            "ingress_security_rules.47193274.tcp_options.0.source_port_range.#": "0",
                            "ingress_security_rules.47193274.udp_options.#": "0",
                            "state": "AVAILABLE",
                            "time_created": "2019-05-02 05:29:09.088 +0000 UTC",
                            "vcn_id": "ocid1.vcn.oc1.phx.aaaaaaaaiqz36fieyvi2h4fd46yb3zwk7ndj22chyrfx5fkfnjan4a5rlloq"
                        },
                        "meta": {
                            "e2bfb730-ecaa-11e6-8f88-34363bc7c4c0": {
                                "create": 900000000000,
                                "delete": 900000000000,
                                "update": 900000000000
                            }
                        },
                        "tainted": false
                    },
                    "deposed": [],
                    "provider": "provider.oci"
                },
                "oci_core_security_list.seculist2": {
                    "type": "oci_core_security_list",
                    "depends_on": [
                        "oci_core_virtual_network.vcn1"
                    ],
                    "primary": {
                        "id": "ocid1.securitylist.oc1.phx.aaaaaaaa5262kyvabown6sudza25loi4wplle7t32ribbg6xr5imbdog3l6a",
                        "attributes": {
                            "compartment_id": "ocid1.compartment.oc1..aaaaaaaafhnpsjvntzgj3igqmxu4i5sd7mg42j3o3nfjvkehdukncp6f243q",
                            "defined_tags.%": "1",
                            "defined_tags.KRSET02.MC": "mee-nam.lee@oracle.com",
                            "display_name": "PrivateSL",
                            "egress_security_rules.#": "1",
                            "egress_security_rules.1582479153.destination": "0.0.0.0/0",
                            "egress_security_rules.1582479153.destination_type": "CIDR_BLOCK",
                            "egress_security_rules.1582479153.icmp_options.#": "0",
                            "egress_security_rules.1582479153.protocol": "all",
                            "egress_security_rules.1582479153.stateless": "false",
                            "egress_security_rules.1582479153.tcp_options.#": "0",
                            "egress_security_rules.1582479153.udp_options.#": "0",
                            "freeform_tags.%": "0",
                            "id": "ocid1.securitylist.oc1.phx.aaaaaaaa5262kyvabown6sudza25loi4wplle7t32ribbg6xr5imbdog3l6a",
                            "ingress_security_rules.#": "2",
                            "ingress_security_rules.2666840931.icmp_options.#": "0",
                            "ingress_security_rules.2666840931.protocol": "1",
                            "ingress_security_rules.2666840931.source": "10.0.0.0/16",
                            "ingress_security_rules.2666840931.source_type": "CIDR_BLOCK",
                            "ingress_security_rules.2666840931.stateless": "false",
                            "ingress_security_rules.2666840931.tcp_options.#": "0",
                            "ingress_security_rules.2666840931.udp_options.#": "0",
                            "ingress_security_rules.3057867092.icmp_options.#": "0",
                            "ingress_security_rules.3057867092.protocol": "6",
                            "ingress_security_rules.3057867092.source": "10.0.0.0/16",
                            "ingress_security_rules.3057867092.source_type": "CIDR_BLOCK",
                            "ingress_security_rules.3057867092.stateless": "false",
                            "ingress_security_rules.3057867092.tcp_options.#": "0",
                            "ingress_security_rules.3057867092.udp_options.#": "0",
                            "state": "AVAILABLE",
                            "time_created": "2019-05-02 05:29:09.12 +0000 UTC",
                            "vcn_id": "ocid1.vcn.oc1.phx.aaaaaaaaiqz36fieyvi2h4fd46yb3zwk7ndj22chyrfx5fkfnjan4a5rlloq"
                        },
                        "meta": {
                            "e2bfb730-ecaa-11e6-8f88-34363bc7c4c0": {
                                "create": 900000000000,
                                "delete": 900000000000,
                                "update": 900000000000
                            }
                        },
                        "tainted": false
                    },
                    "deposed": [],
                    "provider": "provider.oci"
                },
                "oci_core_security_list.seculist3": {
                    "type": "oci_core_security_list",
                    "depends_on": [
                        "oci_core_subnet.subnet2",
                        "oci_core_virtual_network.vcn1"
                    ],
                    "primary": {
                        "id": "ocid1.securitylist.oc1.phx.aaaaaaaae4h5uujygkxpibzj7w45ushet32kos2ddinjjehfyoaghefycmbq",
                        "attributes": {
                            "compartment_id": "ocid1.compartment.oc1..aaaaaaaafhnpsjvntzgj3igqmxu4i5sd7mg42j3o3nfjvkehdukncp6f243q",
                            "defined_tags.%": "1",
                            "defined_tags.KRSET02.MC": "mee-nam.lee@oracle.com",
                            "display_name": "DBSL",
                            "egress_security_rules.#": "1",
                            "egress_security_rules.2469781219.destination": "10.0.0.0/16",
                            "egress_security_rules.2469781219.destination_type": "CIDR_BLOCK",
                            "egress_security_rules.2469781219.icmp_options.#": "0",
                            "egress_security_rules.2469781219.protocol": "all",
                            "egress_security_rules.2469781219.stateless": "false",
                            "egress_security_rules.2469781219.tcp_options.#": "0",
                            "egress_security_rules.2469781219.udp_options.#": "0",
                            "freeform_tags.%": "0",
                            "id": "ocid1.securitylist.oc1.phx.aaaaaaaae4h5uujygkxpibzj7w45ushet32kos2ddinjjehfyoaghefycmbq",
                            "ingress_security_rules.#": "2",
                            "ingress_security_rules.2666840931.icmp_options.#": "0",
                            "ingress_security_rules.2666840931.protocol": "1",
                            "ingress_security_rules.2666840931.source": "10.0.0.0/16",
                            "ingress_security_rules.2666840931.source_type": "CIDR_BLOCK",
                            "ingress_security_rules.2666840931.stateless": "false",
                            "ingress_security_rules.2666840931.tcp_options.#": "0",
                            "ingress_security_rules.2666840931.udp_options.#": "0",
                            "ingress_security_rules.2668424874.icmp_options.#": "0",
                            "ingress_security_rules.2668424874.protocol": "6",
                            "ingress_security_rules.2668424874.source": "10.0.2.0/24",
                            "ingress_security_rules.2668424874.source_type": "CIDR_BLOCK",
                            "ingress_security_rules.2668424874.stateless": "false",
                            "ingress_security_rules.2668424874.tcp_options.#": "1",
                            "ingress_security_rules.2668424874.tcp_options.0.max": "1521",
                            "ingress_security_rules.2668424874.tcp_options.0.min": "1521",
                            "ingress_security_rules.2668424874.tcp_options.0.source_port_range.#": "0",
                            "ingress_security_rules.2668424874.udp_options.#": "0",
                            "state": "AVAILABLE",
                            "time_created": "2019-05-02 05:45:52.023 +0000 UTC",
                            "vcn_id": "ocid1.vcn.oc1.phx.aaaaaaaaiqz36fieyvi2h4fd46yb3zwk7ndj22chyrfx5fkfnjan4a5rlloq"
                        },
                        "meta": {
                            "e2bfb730-ecaa-11e6-8f88-34363bc7c4c0": {
                                "create": 900000000000,
                                "delete": 900000000000,
                                "update": 900000000000
                            }
                        },
                        "tainted": false
                    },
                    "deposed": [],
                    "provider": "provider.oci"
                },
                "oci_core_service_gateway.sg1": {
                    "type": "oci_core_service_gateway",
                    "depends_on": [
                        "data.oci_core_services.test_services",
                        "oci_core_virtual_network.vcn1"
                    ],
                    "primary": {
                        "id": "ocid1.servicegateway.oc1.phx.aaaaaaaa2n5vph7df4zujeveqoy4hjvladn4t67kfmm4qb457vxhqmzqofta",
                        "attributes": {
                            "block_traffic": "false",
                            "compartment_id": "ocid1.compartment.oc1..aaaaaaaafhnpsjvntzgj3igqmxu4i5sd7mg42j3o3nfjvkehdukncp6f243q",
                            "defined_tags.%": "1",
                            "defined_tags.KRSET02.MC": "mee-nam.lee@oracle.com",
                            "display_name": "ServiceGateway",
                            "freeform_tags.%": "0",
                            "id": "ocid1.servicegateway.oc1.phx.aaaaaaaa2n5vph7df4zujeveqoy4hjvladn4t67kfmm4qb457vxhqmzqofta",
                            "services.#": "1",
                            "services.744418707.service_id": "ocid1.service.oc1.phx.aaaaaaaazp7dkucj2vrojgsu54cjgdqu4bn7gyn6zoi2ds6qa5hrrjggzbdq",
                            "services.744418707.service_name": "OCI PHX Object Storage",
                            "state": "AVAILABLE",
                            "time_created": "2019-05-02 04:26:58.982 +0000 UTC",
                            "vcn_id": "ocid1.vcn.oc1.phx.aaaaaaaaiqz36fieyvi2h4fd46yb3zwk7ndj22chyrfx5fkfnjan4a5rlloq"
                        },
                        "meta": {
                            "e2bfb730-ecaa-11e6-8f88-34363bc7c4c0": {
                                "create": 900000000000,
                                "delete": 900000000000,
                                "update": 900000000000
                            }
                        },
                        "tainted": false
                    },
                    "deposed": [],
                    "provider": "provider.oci"
                },
                "oci_core_subnet.subnet1": {
                    "type": "oci_core_subnet",
                    "depends_on": [
                        "oci_core_route_table.rt1",
                        "oci_core_security_list.seculist1",
                        "oci_core_virtual_network.vcn1"
                    ],
                    "primary": {
                        "id": "ocid1.subnet.oc1.phx.aaaaaaaak5lzidxzpt37xe2ifmdviootoimnv4ovs4tnb4pwht5tz5rxucka",
                        "attributes": {
                            "cidr_block": "10.0.1.0/24",
                            "compartment_id": "ocid1.compartment.oc1..aaaaaaaafhnpsjvntzgj3igqmxu4i5sd7mg42j3o3nfjvkehdukncp6f243q",
                            "defined_tags.%": "1",
                            "defined_tags.KRSET02.MC": "mee-nam.lee@oracle.com",
                            "dhcp_options_id": "ocid1.dhcpoptions.oc1.phx.aaaaaaaa4xcwgsi55wvp4nyqfeqexh7rsz3xckadwhukcd3tbvfcwz6ijq7q",
                            "display_name": "VCN_3Tier_Sub_WEB",
                            "dns_label": "web",
                            "freeform_tags.%": "0",
                            "id": "ocid1.subnet.oc1.phx.aaaaaaaak5lzidxzpt37xe2ifmdviootoimnv4ovs4tnb4pwht5tz5rxucka",
                            "prohibit_public_ip_on_vnic": "false",
                            "route_table_id": "ocid1.routetable.oc1.phx.aaaaaaaato6yscmohmyciyvjcqbqswgv5yhxo7y6zhs6ijjqfbndby5umaya",
                            "security_list_ids.#": "1",
                            "security_list_ids.473958939": "ocid1.securitylist.oc1.phx.aaaaaaaalut7tkb62jwryml3saj3vnt2yum6sifaks4twj7y42worx7jie5a",
                            "state": "AVAILABLE",
                            "subnet_domain_name": "web.vcn1.oraclevcn.com",
                            "time_created": "2019-05-02 05:48:04.146 +0000 UTC",
                            "vcn_id": "ocid1.vcn.oc1.phx.aaaaaaaaiqz36fieyvi2h4fd46yb3zwk7ndj22chyrfx5fkfnjan4a5rlloq",
                            "virtual_router_ip": "10.0.1.1",
                            "virtual_router_mac": "00:00:17:7F:19:F1"
                        },
                        "meta": {
                            "e2bfb730-ecaa-11e6-8f88-34363bc7c4c0": {
                                "create": 900000000000,
                                "delete": 900000000000,
                                "update": 900000000000
                            }
                        },
                        "tainted": false
                    },
                    "deposed": [],
                    "provider": "provider.oci"
                },
                "oci_core_subnet.subnet2": {
                    "type": "oci_core_subnet",
                    "depends_on": [
                        "oci_core_route_table.rt2",
                        "oci_core_security_list.seculist2",
                        "oci_core_virtual_network.vcn1"
                    ],
                    "primary": {
                        "id": "ocid1.subnet.oc1.phx.aaaaaaaacrruvmnyt2ipkkslqyvsrvhthpsytajksyq7dndgv2lkb6gymsaq",
                        "attributes": {
                            "cidr_block": "10.0.2.0/24",
                            "compartment_id": "ocid1.compartment.oc1..aaaaaaaafhnpsjvntzgj3igqmxu4i5sd7mg42j3o3nfjvkehdukncp6f243q",
                            "defined_tags.%": "1",
                            "defined_tags.KRSET02.MC": "mee-nam.lee@oracle.com",
                            "dhcp_options_id": "ocid1.dhcpoptions.oc1.phx.aaaaaaaa4xcwgsi55wvp4nyqfeqexh7rsz3xckadwhukcd3tbvfcwz6ijq7q",
                            "display_name": "VCN_3Tier_Sub_WAS",
                            "dns_label": "was",
                            "freeform_tags.%": "0",
                            "id": "ocid1.subnet.oc1.phx.aaaaaaaacrruvmnyt2ipkkslqyvsrvhthpsytajksyq7dndgv2lkb6gymsaq",
                            "prohibit_public_ip_on_vnic": "true",
                            "route_table_id": "ocid1.routetable.oc1.phx.aaaaaaaam6zbq2s6dsf3y3e2iru47kd5tgenyw67cvmro5ludie7nstbhkdq",
                            "security_list_ids.#": "1",
                            "security_list_ids.3934909294": "ocid1.securitylist.oc1.phx.aaaaaaaa5262kyvabown6sudza25loi4wplle7t32ribbg6xr5imbdog3l6a",
                            "state": "AVAILABLE",
                            "subnet_domain_name": "was.vcn1.oraclevcn.com",
                            "time_created": "2019-05-02 05:56:05.136 +0000 UTC",
                            "vcn_id": "ocid1.vcn.oc1.phx.aaaaaaaaiqz36fieyvi2h4fd46yb3zwk7ndj22chyrfx5fkfnjan4a5rlloq",
                            "virtual_router_ip": "10.0.2.1",
                            "virtual_router_mac": "00:00:17:7F:19:F1"
                        },
                        "meta": {
                            "e2bfb730-ecaa-11e6-8f88-34363bc7c4c0": {
                                "create": 900000000000,
                                "delete": 900000000000,
                                "update": 900000000000
                            }
                        },
                        "tainted": false
                    },
                    "deposed": [],
                    "provider": "provider.oci"
                },
                "oci_core_subnet.subnet3": {
                    "type": "oci_core_subnet",
                    "depends_on": [
                        "oci_core_route_table.rt2",
                        "oci_core_security_list.seculist3",
                        "oci_core_virtual_network.vcn1"
                    ],
                    "primary": {
                        "id": "ocid1.subnet.oc1.phx.aaaaaaaabhr4crqmgzlrqgtsbcn3cntirixbr3k4scw2yh2i2ylz2j33ctpq",
                        "attributes": {
                            "cidr_block": "10.0.3.0/24",
                            "compartment_id": "ocid1.compartment.oc1..aaaaaaaafhnpsjvntzgj3igqmxu4i5sd7mg42j3o3nfjvkehdukncp6f243q",
                            "defined_tags.%": "1",
                            "defined_tags.KRSET02.MC": "mee-nam.lee@oracle.com",
                            "dhcp_options_id": "ocid1.dhcpoptions.oc1.phx.aaaaaaaa4xcwgsi55wvp4nyqfeqexh7rsz3xckadwhukcd3tbvfcwz6ijq7q",
                            "display_name": "VCN_3Tier_Sub_DB",
                            "dns_label": "db",
                            "freeform_tags.%": "0",
                            "id": "ocid1.subnet.oc1.phx.aaaaaaaabhr4crqmgzlrqgtsbcn3cntirixbr3k4scw2yh2i2ylz2j33ctpq",
                            "prohibit_public_ip_on_vnic": "true",
                            "route_table_id": "ocid1.routetable.oc1.phx.aaaaaaaam6zbq2s6dsf3y3e2iru47kd5tgenyw67cvmro5ludie7nstbhkdq",
                            "security_list_ids.#": "1",
                            "security_list_ids.2413690439": "ocid1.securitylist.oc1.phx.aaaaaaaae4h5uujygkxpibzj7w45ushet32kos2ddinjjehfyoaghefycmbq",
                            "state": "AVAILABLE",
                            "subnet_domain_name": "db.vcn1.oraclevcn.com",
                            "time_created": "2019-05-02 05:56:06.344 +0000 UTC",
                            "vcn_id": "ocid1.vcn.oc1.phx.aaaaaaaaiqz36fieyvi2h4fd46yb3zwk7ndj22chyrfx5fkfnjan4a5rlloq",
                            "virtual_router_ip": "10.0.3.1",
                            "virtual_router_mac": "00:00:17:7F:19:F1"
                        },
                        "meta": {
                            "e2bfb730-ecaa-11e6-8f88-34363bc7c4c0": {
                                "create": 900000000000,
                                "delete": 900000000000,
                                "update": 900000000000
                            }
                        },
                        "tainted": false
                    },
                    "deposed": [],
                    "provider": "provider.oci"
                },
                "oci_core_virtual_network.vcn1": {
                    "type": "oci_core_virtual_network",
                    "depends_on": [],
                    "primary": {
                        "id": "ocid1.vcn.oc1.phx.aaaaaaaaiqz36fieyvi2h4fd46yb3zwk7ndj22chyrfx5fkfnjan4a5rlloq",
                        "attributes": {
                            "cidr_block": "10.0.0.0/16",
                            "compartment_id": "ocid1.compartment.oc1..aaaaaaaafhnpsjvntzgj3igqmxu4i5sd7mg42j3o3nfjvkehdukncp6f243q",
                            "default_dhcp_options_id": "ocid1.dhcpoptions.oc1.phx.aaaaaaaa4xcwgsi55wvp4nyqfeqexh7rsz3xckadwhukcd3tbvfcwz6ijq7q",
                            "default_route_table_id": "ocid1.routetable.oc1.phx.aaaaaaaahlc2d34s2agdwhk6ve5fhzqdtozaiwp5kududdsdy4ja3zxu5gca",
                            "default_security_list_id": "ocid1.securitylist.oc1.phx.aaaaaaaae2hd33tidkiyyhpqgtig7b52hmf5dgk3r56zzpvfj5bxa5s2hq6q",
                            "defined_tags.%": "1",
                            "defined_tags.KRSET02.MC": "mee-nam.lee@oracle.com",
                            "display_name": "vcn3tier",
                            "dns_label": "vcn1",
                            "freeform_tags.%": "0",
                            "id": "ocid1.vcn.oc1.phx.aaaaaaaaiqz36fieyvi2h4fd46yb3zwk7ndj22chyrfx5fkfnjan4a5rlloq",
                            "state": "AVAILABLE",
                            "time_created": "2019-05-02 04:26:57.588 +0000 UTC",
                            "vcn_domain_name": "vcn1.oraclevcn.com"
                        },
                        "meta": {
                            "e2bfb730-ecaa-11e6-8f88-34363bc7c4c0": {
                                "create": 900000000000,
                                "delete": 900000000000,
                                "update": 900000000000
                            }
                        },
                        "tainted": false
                    },
                    "deposed": [],
                    "provider": "provider.oci"
                },
                "oci_database_db_system.db": {
                    "type": "oci_database_db_system",
                    "depends_on": [
                        "data.oci_identity_availability_domain.ad",
                        "oci_core_subnet.subnet3"
                    ],
                    "primary": {
                        "id": "ocid1.dbsystem.oc1.phx.abyhqljrwfj3eecgtdecvbwe5dhge4pglnsiumkujjjsdptj57fxznxzcara",
                        "attributes": {
                            "availability_domain": "fttO:PHX-AD-1",
                            "compartment_id": "ocid1.compartment.oc1..aaaaaaaafhnpsjvntzgj3igqmxu4i5sd7mg42j3o3nfjvkehdukncp6f243q",
                            "cpu_core_count": "1",
                            "data_storage_percentage": "80",
                            "data_storage_size_in_gb": "256",
                            "database_edition": "ENTERPRISE_EDITION",
                            "db_home.#": "1",
                            "db_home.0.database.#": "1",
                            "db_home.0.database.0.admin_password": "WelCome_11##",
                            "db_home.0.database.0.backup_id": "",
                            "db_home.0.database.0.backup_tde_password": "",
                            "db_home.0.database.0.character_set": "AL32UTF8",
                            "db_home.0.database.0.connection_strings.#": "1",
                            "db_home.0.database.0.connection_strings.0.all_connection_strings.%": "2",
                            "db_home.0.database.0.connection_strings.0.all_connection_strings.cdbDefault": "demodb.db.vcn1.oraclevcn.com:1521/demodb_phx1sg.db.vcn1.oraclevcn.com",
                            "db_home.0.database.0.connection_strings.0.all_connection_strings.cdbIpDefault": "(DESCRIPTION=(CONNECT_TIMEOUT=5)(TRANSPORT_CONNECT_TIMEOUT=3)(RETRY_COUNT=3)(ADDRESS_LIST=(LOAD_BALANCE=on)(ADDRESS=(PROTOCOL=TCP)(HOST=10.0.3.2)(PORT=1521)))(CONNECT_DATA=(SERVICE_NAME=demodb_phx1sg.db.vcn1.oraclevcn.com)))",
                            "db_home.0.database.0.connection_strings.0.cdb_default": "demodb.db.vcn1.oraclevcn.com:1521/demodb_phx1sg.db.vcn1.oraclevcn.com",
                            "db_home.0.database.0.connection_strings.0.cdb_ip_default": "(DESCRIPTION=(CONNECT_TIMEOUT=5)(TRANSPORT_CONNECT_TIMEOUT=3)(RETRY_COUNT=3)(ADDRESS_LIST=(LOAD_BALANCE=on)(ADDRESS=(PROTOCOL=TCP)(HOST=10.0.3.2)(PORT=1521)))(CONNECT_DATA=(SERVICE_NAME=demodb_phx1sg.db.vcn1.oraclevcn.com)))",
                            "db_home.0.database.0.db_backup_config.#": "0",
                            "db_home.0.database.0.db_name": "demodb",
                            "db_home.0.database.0.db_unique_name": "demodb_phx1sg",
                            "db_home.0.database.0.db_workload": "OLTP",
                            "db_home.0.database.0.defined_tags.%": "1",
                            "db_home.0.database.0.defined_tags.KRSET02.MC": "mee-nam.lee@oracle.com",
                            "db_home.0.database.0.freeform_tags.%": "0",
                            "db_home.0.database.0.id": "ocid1.database.oc1.phx.abyhqljr3v27osxo5ajwisuflia4mwfnme65kteqplyx7mncphx5gtrzseya",
                            "db_home.0.database.0.lifecycle_details": "",
                            "db_home.0.database.0.ncharacter_set": "AL16UTF16",
                            "db_home.0.database.0.pdb_name": "pdb1",
                            "db_home.0.database.0.state": "AVAILABLE",
                            "db_home.0.database.0.time_created": "2019-05-02 06:39:56.489 +0000 UTC",
                            "db_home.0.db_version": "12.2.0.1.190115",
                            "db_home.0.display_name": "DemoDB",
                            "db_home.0.id": "ocid1.dbhome.oc1.phx.abyhqljryatvxqncscziddsd27ptznbzym5vmano7ruaompnb4eohmduqirq",
                            "db_home.0.last_patch_history_entry_id": "",
                            "db_home.0.state": "AVAILABLE",
                            "db_home.0.time_created": "2019-05-02 06:39:56.478 +0000 UTC",
                            "defined_tags.%": "1",
                            "defined_tags.KRSET02.MC": "mee-nam.lee@oracle.com",
                            "disk_redundancy": "HIGH",
                            "display_name": "DemoDB",
                            "domain": "db.vcn1.oraclevcn.com",
                            "fault_domains.#": "1",
                            "fault_domains.0": "FAULT-DOMAIN-1",
                            "freeform_tags.%": "0",
                            "hostname": "demodb",
                            "id": "ocid1.dbsystem.oc1.phx.abyhqljrwfj3eecgtdecvbwe5dhge4pglnsiumkujjjsdptj57fxznxzcara",
                            "iorm_config_cache.#": "0",
                            "license_model": "BRING_YOUR_OWN_LICENSE",
                            "listener_port": "1521",
                            "node_count": "1",
                            "reco_storage_size_in_gb": "256",
                            "scan_dns_record_id": "ocid1.vcndnsrecord.oc1.phx.abyhqljrqwr4xeyscukbjhzwtn5t6pufmv7zdmzh74na3bxvtty3y26e6gsa",
                            "scan_ip_ids.#": "0",
                            "shape": "VM.Standard2.1",
                            "source": "NONE",
                            "ssh_public_keys.#": "1",
                            "ssh_public_keys.0": "ssh-rsa AAAAB3NzaC1yc2EAAAADAQABAAABAQClXpzKgqjt+JF7PzV4D7P6Waa6oq1Ratfg+WOlTtmsFi2yRjYxQX+E5OnKvL730PwYMF0feFMnPZHRh2qi2EOGCprrlmbYo+Igo0KPM8sMZu46jDirEc9MV1omOfXHIhaN9/GvD7ReuHkM9D0DSYxTPnfKtYfNq2Tqx7noDGJ5HSq+nTjV3rfdwCmpNCrBQ8wilol7dgljDZiI3gae2YAD9BKRf26gVtLiKzY/Q2w6Ty7FsPd6GBRb2e0WSafMDLUp6z3b6sDBZaKr9SEdtGCSrqAyCNoORdVtGFYGh9eci7E4H/vyrOi5kg6X0AiR2mUfDRaam6U8DD1BN/5Z2eIj",
                            "state": "AVAILABLE",
                            "subnet_id": "ocid1.subnet.oc1.phx.aaaaaaaabhr4crqmgzlrqgtsbcn3cntirixbr3k4scw2yh2i2ylz2j33ctpq",
                            "time_created": "2019-05-02 06:39:56.46 +0000 UTC",
                            "time_zone": "UTC",
                            "version": "18.5.0.0.190115",
                            "vip_ids.#": "0"
                        },
                        "meta": {
                            "e2bfb730-ecaa-11e6-8f88-34363bc7c4c0": {
                                "create": 0,
                                "delete": 7200000000000,
                                "update": 7200000000000
                            }
                        },
                        "tainted": false
                    },
                    "deposed": [],
                    "provider": "provider.oci"
                },
                "oci_load_balancer_backend.lb-be1": {
                    "type": "oci_load_balancer_backend",
                    "depends_on": [
                        "oci_core_instance.web1",
                        "oci_load_balancer_backend_set.lb-bes1",
                        "oci_load_balancer_load_balancer.lb"
                    ],
                    "primary": {
                        "id": "loadBalancers/ocid1.loadbalancer.oc1.phx.aaaaaaaaittalv2tpgzpzuwdrtstf5puwnwwcunwgzacngwqzdwfg34mqwaq/backendSets/lb-bes1/backends/10.0.1.4:80",
                        "attributes": {
                            "backendset_name": "lb-bes1",
                            "backup": "false",
                            "drain": "false",
                            "id": "loadBalancers/ocid1.loadbalancer.oc1.phx.aaaaaaaaittalv2tpgzpzuwdrtstf5puwnwwcunwgzacngwqzdwfg34mqwaq/backendSets/lb-bes1/backends/10.0.1.4:80",
                            "ip_address": "10.0.1.4",
                            "load_balancer_id": "ocid1.loadbalancer.oc1.phx.aaaaaaaaittalv2tpgzpzuwdrtstf5puwnwwcunwgzacngwqzdwfg34mqwaq",
                            "name": "10.0.1.4:80",
                            "offline": "false",
                            "port": "80",
                            "state": "SUCCEEDED",
                            "weight": "1"
                        },
                        "meta": {
                            "e2bfb730-ecaa-11e6-8f88-34363bc7c4c0": {
                                "create": 900000000000,
                                "delete": 900000000000,
                                "update": 900000000000
                            }
                        },
                        "tainted": false
                    },
                    "deposed": [],
                    "provider": "provider.oci"
                },
                "oci_load_balancer_backend.lb-be2": {
                    "type": "oci_load_balancer_backend",
                    "depends_on": [
                        "oci_core_instance.web2",
                        "oci_load_balancer_backend_set.lb-bes1",
                        "oci_load_balancer_load_balancer.lb"
                    ],
                    "primary": {
                        "id": "loadBalancers/ocid1.loadbalancer.oc1.phx.aaaaaaaaittalv2tpgzpzuwdrtstf5puwnwwcunwgzacngwqzdwfg34mqwaq/backendSets/lb-bes1/backends/10.0.1.5:80",
                        "attributes": {
                            "backendset_name": "lb-bes1",
                            "backup": "false",
                            "drain": "false",
                            "id": "loadBalancers/ocid1.loadbalancer.oc1.phx.aaaaaaaaittalv2tpgzpzuwdrtstf5puwnwwcunwgzacngwqzdwfg34mqwaq/backendSets/lb-bes1/backends/10.0.1.5:80",
                            "ip_address": "10.0.1.5",
                            "load_balancer_id": "ocid1.loadbalancer.oc1.phx.aaaaaaaaittalv2tpgzpzuwdrtstf5puwnwwcunwgzacngwqzdwfg34mqwaq",
                            "name": "10.0.1.5:80",
                            "offline": "false",
                            "port": "80",
                            "state": "SUCCEEDED",
                            "weight": "1"
                        },
                        "meta": {
                            "e2bfb730-ecaa-11e6-8f88-34363bc7c4c0": {
                                "create": 900000000000,
                                "delete": 900000000000,
                                "update": 900000000000
                            }
                        },
                        "tainted": false
                    },
                    "deposed": [],
                    "provider": "provider.oci"
                },
                "oci_load_balancer_backend_set.lb-bes1": {
                    "type": "oci_load_balancer_backend_set",
                    "depends_on": [
                        "oci_load_balancer_load_balancer.lb"
                    ],
                    "primary": {
                        "id": "loadBalancers/ocid1.loadbalancer.oc1.phx.aaaaaaaaittalv2tpgzpzuwdrtstf5puwnwwcunwgzacngwqzdwfg34mqwaq/backendSets/lb-bes1",
                        "attributes": {
                            "backend.#": "2",
                            "backend.3656414729.backup": "false",
                            "backend.3656414729.drain": "false",
                            "backend.3656414729.ip_address": "10.0.1.5",
                            "backend.3656414729.name": "10.0.1.5:80",
                            "backend.3656414729.offline": "false",
                            "backend.3656414729.port": "80",
                            "backend.3656414729.weight": "1",
                            "backend.73838476.backup": "false",
                            "backend.73838476.drain": "false",
                            "backend.73838476.ip_address": "10.0.1.4",
                            "backend.73838476.name": "10.0.1.4:80",
                            "backend.73838476.offline": "false",
                            "backend.73838476.port": "80",
                            "backend.73838476.weight": "1",
                            "health_checker.#": "1",
                            "health_checker.0.interval_ms": "30000",
                            "health_checker.0.port": "80",
                            "health_checker.0.protocol": "HTTP",
                            "health_checker.0.response_body_regex": ".*",
                            "health_checker.0.retries": "3",
                            "health_checker.0.return_code": "200",
                            "health_checker.0.timeout_in_millis": "3000",
                            "health_checker.0.url_path": "/",
                            "id": "loadBalancers/ocid1.loadbalancer.oc1.phx.aaaaaaaaittalv2tpgzpzuwdrtstf5puwnwwcunwgzacngwqzdwfg34mqwaq/backendSets/lb-bes1",
                            "load_balancer_id": "ocid1.loadbalancer.oc1.phx.aaaaaaaaittalv2tpgzpzuwdrtstf5puwnwwcunwgzacngwqzdwfg34mqwaq",
                            "name": "lb-bes1",
                            "policy": "ROUND_ROBIN",
                            "session_persistence_configuration.#": "0",
                            "ssl_configuration.#": "0",
                            "state": "SUCCEEDED"
                        },
                        "meta": {
                            "e2bfb730-ecaa-11e6-8f88-34363bc7c4c0": {
                                "create": 900000000000,
                                "delete": 900000000000,
                                "update": 900000000000
                            }
                        },
                        "tainted": false
                    },
                    "deposed": [],
                    "provider": "provider.oci"
                },
                "oci_load_balancer_listener.lb-listener1": {
                    "type": "oci_load_balancer_listener",
                    "depends_on": [
                        "oci_load_balancer_backend_set.lb-bes1",
                        "oci_load_balancer_load_balancer.lb"
                    ],
                    "primary": {
                        "id": "loadBalancers/ocid1.loadbalancer.oc1.phx.aaaaaaaaittalv2tpgzpzuwdrtstf5puwnwwcunwgzacngwqzdwfg34mqwaq/listeners/http",
                        "attributes": {
                            "connection_configuration.#": "1",
                            "connection_configuration.0.idle_timeout_in_seconds": "2",
                            "default_backend_set_name": "lb-bes1",
                            "hostname_names.#": "0",
                            "id": "loadBalancers/ocid1.loadbalancer.oc1.phx.aaaaaaaaittalv2tpgzpzuwdrtstf5puwnwwcunwgzacngwqzdwfg34mqwaq/listeners/http",
                            "load_balancer_id": "ocid1.loadbalancer.oc1.phx.aaaaaaaaittalv2tpgzpzuwdrtstf5puwnwwcunwgzacngwqzdwfg34mqwaq",
                            "name": "http",
                            "port": "80",
                            "protocol": "HTTP",
                            "rule_set_names.#": "0",
                            "ssl_configuration.#": "0",
                            "state": "SUCCEEDED"
                        },
                        "meta": {
                            "e2bfb730-ecaa-11e6-8f88-34363bc7c4c0": {
                                "create": 900000000000,
                                "delete": 900000000000,
                                "update": 900000000000
                            }
                        },
                        "tainted": false
                    },
                    "deposed": [],
                    "provider": "provider.oci"
                },
                "oci_load_balancer_load_balancer.lb": {
                    "type": "oci_load_balancer_load_balancer",
                    "depends_on": [
                        "oci_core_subnet.subnet1"
                    ],
                    "primary": {
                        "id": "ocid1.loadbalancer.oc1.phx.aaaaaaaaittalv2tpgzpzuwdrtstf5puwnwwcunwgzacngwqzdwfg34mqwaq",
                        "attributes": {
                            "compartment_id": "ocid1.compartment.oc1..aaaaaaaafhnpsjvntzgj3igqmxu4i5sd7mg42j3o3nfjvkehdukncp6f243q",
                            "defined_tags.%": "1",
                            "defined_tags.KRSET02.MC": "mee-nam.lee@oracle.com",
                            "display_name": "LoadBalancer",
                            "freeform_tags.%": "0",
                            "id": "ocid1.loadbalancer.oc1.phx.aaaaaaaaittalv2tpgzpzuwdrtstf5puwnwwcunwgzacngwqzdwfg34mqwaq",
                            "ip_address_details.#": "1",
                            "ip_address_details.0.ip_address": "129.146.199.30",
                            "ip_address_details.0.is_public": "true",
                            "ip_addresses.#": "1",
                            "ip_addresses.0": "129.146.199.30",
                            "is_private": "false",
                            "shape": "100Mbps",
                            "state": "ACTIVE",
                            "subnet_ids.#": "1",
                            "subnet_ids.0": "ocid1.subnet.oc1.phx.aaaaaaaak5lzidxzpt37xe2ifmdviootoimnv4ovs4tnb4pwht5tz5rxucka",
                            "time_created": "2019-05-02 08:47:13.181 +0000 UTC"
                        },
                        "meta": {
                            "e2bfb730-ecaa-11e6-8f88-34363bc7c4c0": {
                                "create": 900000000000,
                                "delete": 900000000000,
                                "update": 900000000000
                            }
                        },
                        "tainted": false
                    },
                    "deposed": [],
                    "provider": "provider.oci"
                },
                "oci_objectstorage_bucket.jcs_bucket1": {
                    "type": "oci_objectstorage_bucket",
                    "depends_on": [
                        "data.oci_objectstorage_namespace.ns"
                    ],
                    "primary": {
                        "id": "n/apackrsct01/b/jcs-bucket1",
                        "attributes": {
                            "access_type": "NoPublicAccess",
                            "approximate_count": "0",
                            "approximate_size": "0",
                            "compartment_id": "ocid1.compartment.oc1..aaaaaaaafhnpsjvntzgj3igqmxu4i5sd7mg42j3o3nfjvkehdukncp6f243q",
                            "created_by": "ocid1.user.oc1..aaaaaaaa6e3xlxrqqeeuykdsalcs7eovemfh7vd5rawhjlkrdjnesybshlja",
                            "defined_tags.%": "1",
                            "defined_tags.KRSET02.MC": "mee-nam.lee@oracle.com",
                            "etag": "a79a15c8-dddc-4cf1-a56f-2f9074156d0e",
                            "freeform_tags.%": "0",
                            "id": "n/apackrsct01/b/jcs-bucket1",
                            "metadata.%": "0",
                            "name": "jcs-bucket1",
                            "namespace": "apackrsct01",
                            "storage_tier": "Standard",
                            "time_created": "2019-05-03 02:16:19.483 +0000 UTC"
                        },
                        "meta": {
                            "e2bfb730-ecaa-11e6-8f88-34363bc7c4c0": {
                                "create": 900000000000,
                                "delete": 900000000000,
                                "update": 900000000000
                            }
                        },
                        "tainted": false
                    },
                    "deposed": [],
                    "provider": "provider.oci"
                },
                "oci_objectstorage_bucket.jcs_bucket2": {
                    "type": "oci_objectstorage_bucket",
                    "depends_on": [
                        "data.oci_objectstorage_namespace.ns"
                    ],
                    "primary": {
                        "id": "n/apackrsct01/b/jcs-bucket2",
                        "attributes": {
                            "access_type": "NoPublicAccess",
                            "approximate_count": "0",
                            "approximate_size": "0",
                            "compartment_id": "ocid1.compartment.oc1..aaaaaaaafhnpsjvntzgj3igqmxu4i5sd7mg42j3o3nfjvkehdukncp6f243q",
                            "created_by": "ocid1.user.oc1..aaaaaaaa6e3xlxrqqeeuykdsalcs7eovemfh7vd5rawhjlkrdjnesybshlja",
                            "defined_tags.%": "1",
                            "defined_tags.KRSET02.MC": "mee-nam.lee@oracle.com",
                            "etag": "8c6ef301-4181-4120-9c20-ac68ef7c15a2",
                            "freeform_tags.%": "0",
                            "id": "n/apackrsct01/b/jcs-bucket2",
                            "metadata.%": "0",
                            "name": "jcs-bucket2",
                            "namespace": "apackrsct01",
                            "storage_tier": "Standard",
                            "time_created": "2019-05-03 02:16:19.47 +0000 UTC"
                        },
                        "meta": {
                            "e2bfb730-ecaa-11e6-8f88-34363bc7c4c0": {
                                "create": 900000000000,
                                "delete": 900000000000,
                                "update": 900000000000
                            }
                        },
                        "tainted": false
                    },
                    "deposed": [],
                    "provider": "provider.oci"
                },
                "oraclepaas_java_service_instance.jcs1": {
                    "type": "oraclepaas_java_service_instance",
                    "depends_on": [
                        "data.oci_identity_availability_domain.ad1",
                        "oci_core_subnet.subnet2",
                        "oci_core_subnet.subnet3",
                        "oci_database_db_system.db",
                        "oci_objectstorage_bucket.jcs_bucket1"
                    ],
                    "primary": {
                        "id": "jcs1",
                        "attributes": {
                            "availability_domain": "fttO:PHX-AD-1",
                            "backup_destination": "BOTH",
                            "backups.#": "1",
                            "backups.0.auto_generate": "false",
                            "backups.0.cloud_storage_container": "https://swiftobjectstorage.us-phoenix-1.oraclecloud.com/v1/apackrsct01/jcs-bucket1",
                            "backups.0.cloud_storage_password": ";03RUta\u003cz;x\u003eEOCa[5:{",
                            "backups.0.cloud_storage_username": "mee-nam.lee@oracle.com",
                            "backups.0.use_oauth_for_storage": "false",
                            "bring_your_own_license": "true",
                            "description": "Example Terraformed JCS with OCI DB",
                            "desired_state": "running",
                            "edition": "EE",
                            "enable_admin_console": "true",
                            "force_delete": "true",
                            "id": "jcs1",
                            "level": "PAAS",
                            "load_balancer.#": "0",
                            "metering_frequency": "HOURLY",
                            "name": "jcs1",
                            "oracle_traffic_director.#": "0",
                            "region": "us-phoenix-1",
                            "service_version": "12cRelease213",
                            "ssh_public_key": "ssh-rsa AAAAB3NzaC1yc2EAAAADAQABAAABAQClXpzKgqjt+JF7PzV4D7P6Waa6oq1Ratfg+WOlTtmsFi2yRjYxQX+E5OnKvL730PwYMF0feFMnPZHRh2qi2EOGCprrlmbYo+Igo0KPM8sMZu46jDirEc9MV1omOfXHIhaN9/GvD7ReuHkM9D0DSYxTPnfKtYfNq2Tqx7noDGJ5HSq+nTjV3rfdwCmpNCrBQ8wilol7dgljDZiI3gae2YAD9BKRf26gVtLiKzY/Q2w6Ty7FsPd6GBRb2e0WSafMDLUp6z3b6sDBZaKr9SEdtGCSrqAyCNoORdVtGFYGh9eci7E4H/vyrOi5kg6X0AiR2mUfDRaam6U8DD1BN/5Z2eIj",
                            "status": "READY",
                            "subnet": "ocid1.subnet.oc1.phx.aaaaaaaacrruvmnyt2ipkkslqyvsrvhthpsytajksyq7dndgv2lkb6gymsaq",
                            "use_identity_service": "false",
                            "weblogic_server.#": "1",
                            "weblogic_server.0.admin.#": "1",
                            "weblogic_server.0.admin.0.hostname": "jcs1-wls-1",
                            "weblogic_server.0.admin.0.password": "Welcome_1",
                            "weblogic_server.0.admin.0.port": "7001",
                            "weblogic_server.0.admin.0.secured_port": "7002",
                            "weblogic_server.0.admin.0.username": "weblogic",
                            "weblogic_server.0.application_database.#": "0",
                            "weblogic_server.0.backup_volume_size": "",
                            "weblogic_server.0.cluster.#": "0",
                            "weblogic_server.0.cluster_name": "",
                            "weblogic_server.0.connect_string": "//demodb-scan.db.vcn1.oraclevcn.com:1521/pdb1.db.vcn1.oraclevcn.com",
                            "weblogic_server.0.database.#": "1",
                            "weblogic_server.0.database.0.hostname": "",
                            "weblogic_server.0.database.0.name": "",
                            "weblogic_server.0.database.0.password": "WelCome_11##",
                            "weblogic_server.0.database.0.pdb_name": "",
                            "weblogic_server.0.database.0.username": "sys",
                            "weblogic_server.0.domain.#": "1",
                            "weblogic_server.0.ip_reservations.#": "0",
                            "weblogic_server.0.managed_servers.#": "1",
                            "weblogic_server.0.managed_servers.0.initial_heap_size": "0",
                            "weblogic_server.0.managed_servers.0.initial_permanent_generation": "0",
                            "weblogic_server.0.managed_servers.0.jvm_args": "",
                            "weblogic_server.0.managed_servers.0.max_heap_size": "0",
                            "weblogic_server.0.managed_servers.0.max_permanent_generation": "0",
                            "weblogic_server.0.managed_servers.0.overwrite_jvm_args": "false",
                            "weblogic_server.0.managed_servers.0.server_count": "1",
                            "weblogic_server.0.middleware_volume_size": "",
                            "weblogic_server.0.node_manager.#": "0",
                            "weblogic_server.0.ports.#": "0",
                            "weblogic_server.0.root_url": "https://10.0.2.6:7002/console",
                            "weblogic_server.0.shape": "VM.Standard2.1",
                            "weblogic_server.0.upper_stack_product_name": ""
                        },
                        "meta": {
                            "e2bfb730-ecaa-11e6-8f88-34363bc7c4c0": {
                                "create": 5400000000000,
                                "delete": 5400000000000,
                                "update": 5400000000000
                            }
                        },
                        "tainted": false
                    },
                    "deposed": [],
                    "provider": "provider.oraclepaas"
                },
                "oraclepaas_java_service_instance.jcs2": {
                    "type": "oraclepaas_java_service_instance",
                    "depends_on": [
                        "data.oci_identity_availability_domain.ad2",
                        "oci_core_subnet.subnet2",
                        "oci_core_subnet.subnet3",
                        "oci_database_db_system.db",
                        "oci_objectstorage_bucket.jcs_bucket2"
                    ],
                    "primary": {
                        "id": "jcs2",
                        "attributes": {
                            "availability_domain": "fttO:PHX-AD-2",
                            "backup_destination": "BOTH",
                            "backups.#": "1",
                            "backups.0.auto_generate": "false",
                            "backups.0.cloud_storage_container": "https://swiftobjectstorage.us-phoenix-1.oraclecloud.com/v1/apackrsct01/jcs-bucket2",
                            "backups.0.cloud_storage_password": ";03RUta\u003cz;x\u003eEOCa[5:{",
                            "backups.0.cloud_storage_username": "mee-nam.lee@oracle.com",
                            "backups.0.use_oauth_for_storage": "false",
                            "bring_your_own_license": "true",
                            "description": "Example Terraformed JCS with OCI DB",
                            "desired_state": "running",
                            "edition": "EE",
                            "enable_admin_console": "true",
                            "force_delete": "true",
                            "id": "jcs2",
                            "level": "PAAS",
                            "load_balancer.#": "0",
                            "metering_frequency": "HOURLY",
                            "name": "jcs2",
                            "oracle_traffic_director.#": "0",
                            "region": "us-phoenix-1",
                            "service_version": "12cRelease213",
                            "ssh_public_key": "ssh-rsa AAAAB3NzaC1yc2EAAAADAQABAAABAQClXpzKgqjt+JF7PzV4D7P6Waa6oq1Ratfg+WOlTtmsFi2yRjYxQX+E5OnKvL730PwYMF0feFMnPZHRh2qi2EOGCprrlmbYo+Igo0KPM8sMZu46jDirEc9MV1omOfXHIhaN9/GvD7ReuHkM9D0DSYxTPnfKtYfNq2Tqx7noDGJ5HSq+nTjV3rfdwCmpNCrBQ8wilol7dgljDZiI3gae2YAD9BKRf26gVtLiKzY/Q2w6Ty7FsPd6GBRb2e0WSafMDLUp6z3b6sDBZaKr9SEdtGCSrqAyCNoORdVtGFYGh9eci7E4H/vyrOi5kg6X0AiR2mUfDRaam6U8DD1BN/5Z2eIj",
                            "status": "READY",
                            "subnet": "ocid1.subnet.oc1.phx.aaaaaaaacrruvmnyt2ipkkslqyvsrvhthpsytajksyq7dndgv2lkb6gymsaq",
                            "use_identity_service": "false",
                            "weblogic_server.#": "1",
                            "weblogic_server.0.admin.#": "1",
                            "weblogic_server.0.admin.0.hostname": "jcs2-wls-1",
                            "weblogic_server.0.admin.0.password": "Welcome_1",
                            "weblogic_server.0.admin.0.port": "7001",
                            "weblogic_server.0.admin.0.secured_port": "7002",
                            "weblogic_server.0.admin.0.username": "weblogic",
                            "weblogic_server.0.application_database.#": "0",
                            "weblogic_server.0.backup_volume_size": "",
                            "weblogic_server.0.cluster.#": "0",
                            "weblogic_server.0.cluster_name": "",
                            "weblogic_server.0.connect_string": "//demodb-scan.db.vcn1.oraclevcn.com:1521/pdb1.db.vcn1.oraclevcn.com",
                            "weblogic_server.0.database.#": "1",
                            "weblogic_server.0.database.0.hostname": "",
                            "weblogic_server.0.database.0.name": "",
                            "weblogic_server.0.database.0.password": "WelCome_11##",
                            "weblogic_server.0.database.0.pdb_name": "",
                            "weblogic_server.0.database.0.username": "sys",
                            "weblogic_server.0.domain.#": "1",
                            "weblogic_server.0.ip_reservations.#": "0",
                            "weblogic_server.0.managed_servers.#": "1",
                            "weblogic_server.0.managed_servers.0.initial_heap_size": "0",
                            "weblogic_server.0.managed_servers.0.initial_permanent_generation": "0",
                            "weblogic_server.0.managed_servers.0.jvm_args": "",
                            "weblogic_server.0.managed_servers.0.max_heap_size": "0",
                            "weblogic_server.0.managed_servers.0.max_permanent_generation": "0",
                            "weblogic_server.0.managed_servers.0.overwrite_jvm_args": "false",
                            "weblogic_server.0.managed_servers.0.server_count": "1",
                            "weblogic_server.0.middleware_volume_size": "",
                            "weblogic_server.0.node_manager.#": "0",
                            "weblogic_server.0.ports.#": "0",
                            "weblogic_server.0.root_url": "https://10.0.2.5:7002/console",
                            "weblogic_server.0.shape": "VM.Standard2.1",
                            "weblogic_server.0.upper_stack_product_name": ""
                        },
                        "meta": {
                            "e2bfb730-ecaa-11e6-8f88-34363bc7c4c0": {
                                "create": 5400000000000,
                                "delete": 5400000000000,
                                "update": 5400000000000
                            }
                        },
                        "tainted": false
                    },
                    "deposed": [],
                    "provider": "provider.oraclepaas"
                }
            },
            "depends_on": []
        }
    ]
}
